
Microsoft Visual Studio Solution File, Format Version 12.00
# Visual Studio Version 17
VisualStudioVersion = 17.1.32328.378
MinimumVisualStudioVersion = 10.0.40219.1
Project("{FAE04EC0-301F-11D3-BF4B-00C04F79EFBC}") = "LAB2-TMPS", "LAB2-TMPS\LAB2-TMPS.csproj", "{9BBDF560-4BBB-4960-8518-00D64E95C917}"
EndProject
Global
	GlobalSection(SolutionConfigurationPlatforms) = preSolution
		Debug|Any CPU = Debug|Any CPU
		Release|Any CPU = Release|Any CPU
	EndGlobalSection
	GlobalSection(ProjectConfigurationPlatforms) = postSolution
		{9BBDF560-4BBB-4960-8518-00D64E95C917}.Debug|Any CPU.ActiveCfg = Debug|Any CPU
		{9BBDF560-4BBB-4960-8518-00D64E95C917}.Debug|Any CPU.Build.0 = Debug|Any CPU
		{9BBDF560-4BBB-4960-8518-00D64E95C917}.Release|Any CPU.ActiveCfg = Release|Any CPU
		{9BBDF560-4BBB-4960-8518-00D64E95C917}.Release|Any CPU.Build.0 = Release|Any CPU
	EndGlobalSection
	GlobalSection(SolutionProperties) = preSolution
		HideSolutionNode = FALSE
	EndGlobalSection
	GlobalSection(ExtensibilityGlobals) = postSolution
		SolutionGuid = {81BDB2A4-F471-4BD3-9E08-A55EA74D5301}
	EndGlobalSection
EndGlobal
